
Microsoft Visual Studio Solution File, Format Version 12.00
# Visual Studio Version 17
VisualStudioVersion = 17.14.37203.1 d17.14
MinimumVisualStudioVersion = 10.0.40219.1
Project("{FAE04EC0-301F-11D3-BF4B-00C04F79EFBC}") = "ICICBANK_API_MONOLITHICARCHITECTURE", "ICICBANK_API_MONOLITHICARCHITECTURE\ICICBANK_API_MONOLITHICARCHITECTURE.csproj", "{EA1E0820-7045-4CFF-81E6-113CF24F8907}"
EndProject
Global
	GlobalSection(SolutionConfigurationPlatforms) = preSolution
		Debug|Any CPU = Debug|Any CPU
		Release|Any CPU = Release|Any CPU
	EndGlobalSection
	GlobalSection(ProjectConfigurationPlatforms) = postSolution
		{EA1E0820-7045-4CFF-81E6-113CF24F8907}.Debug|Any CPU.ActiveCfg = Debug|Any CPU
		{EA1E0820-7045-4CFF-81E6-113CF24F8907}.Debug|Any CPU.Build.0 = Debug|Any CPU
		{EA1E0820-7045-4CFF-81E6-113CF24F8907}.Release|Any CPU.ActiveCfg = Release|Any CPU
		{EA1E0820-7045-4CFF-81E6-113CF24F8907}.Release|Any CPU.Build.0 = Release|Any CPU
	EndGlobalSection
	GlobalSection(SolutionProperties) = preSolution
		HideSolutionNode = FALSE
	EndGlobalSection
	GlobalSection(ExtensibilityGlobals) = postSolution
		SolutionGuid = {23F5294D-860C-4707-B9EE-62B1C8CAE1B6}
	EndGlobalSection
EndGlobal
